
Microsoft Visual Studio Solution File, Format Version 12.00
Project("{2150E333-8FDC-42A3-9474-1A3956D46DE8}") = "Host", "Host", "{5F6686C1-2EB5-45A2-A0E0-1A71BCCEE7FB}"
EndProject
Project("{2150E333-8FDC-42A3-9474-1A3956D46DE8}") = "Modules", "Modules", "{518B37C2-511A-40C9-B832-3840F6B28F48}"
EndProject
Project("{2150E333-8FDC-42A3-9474-1A3956D46DE8}") = "Shared", "Shared", "{CE2A1DD0-5DDB-469F-A3B0-41CB22DC8EFC}"
EndProject
Project("{2150E333-8FDC-42A3-9474-1A3956D46DE8}") = "Tests", "Tests", "{3EAC0BC9-E673-4D0C-ABE4-61BA627EB331}"
EndProject
Project("{2150E333-8FDC-42A3-9474-1A3956D46DE8}") = "Users", "Users", "{7A18CFE2-3325-4F5A-9DA3-49C99ACEB955}"
EndProject
Project("{FAE04EC0-301F-11D3-BF4B-00C04F79EFBC}") = "Api", "src\Host\Api\Api.csproj", "{42C4341E-36FC-4F25-BA7D-B93A55E062BD}"
EndProject
Project("{FAE04EC0-301F-11D3-BF4B-00C04F79EFBC}") = "Shared.Infrastructure", "src\Shared\Shared.Infrastructure\Shared.Infrastructure.csproj", "{0C33A985-AF7A-43F3-9A44-21877C63B028}"
EndProject
Project("{FAE04EC0-301F-11D3-BF4B-00C04F79EFBC}") = "Shared.Domain", "src\Shared\Shared.Domain\Shared.Domain.csproj", "{B64FA57D-0BA0-4930-9B5C-2272B4FC2829}"
EndProject
Project("{FAE04EC0-301F-11D3-BF4B-00C04F79EFBC}") = "Module.Users.Presentation", "src\Module\Users\Module.Users.Presentation\Module.Users.Presentation.csproj", "{CDDE96AC-65F1-4F42-A18F-A0E909A8CC89}"
EndProject
Project("{FAE04EC0-301F-11D3-BF4B-00C04F79EFBC}") = "Module.Users.Application", "src\Module\Users\Module.Users.Application\Module.Users.Application.csproj", "{DB7C9250-4365-41DB-81FF-A32051054C9F}"
EndProject
Project("{FAE04EC0-301F-11D3-BF4B-00C04F79EFBC}") = "Module.Users.Infrastructure", "src\Module\Users\Module.Users.Infrastructure\Module.Users.Infrastructure.csproj", "{C1B46AEB-F0F2-46C0-BFA4-BB0C39E52B44}"
EndProject
Project("{FAE04EC0-301F-11D3-BF4B-00C04F79EFBC}") = "Module.Users.Domain", "src\Module\Users\Module.Users.Domain\Module.Users.Domain.csproj", "{64F93FA3-BAD2-4EEF-9F4D-DDF8DB8D0249}"
EndProject
Project("{FAE04EC0-301F-11D3-BF4B-00C04F79EFBC}") = "Shared.Application", "src\Shared\Shared.Application\Shared.Application.csproj", "{C6CB8419-BC35-4AEE-9783-53710ECBF1DC}"
EndProject
Project("{2150E333-8FDC-42A3-9474-1A3956D46DE8}") = "Modules", "Modules", "{1BBC3D19-5260-4D9B-BD4B-1FA7E2C55042}"
EndProject
Project("{2150E333-8FDC-42A3-9474-1A3956D46DE8}") = "Users", "Users", "{28550FB0-8DE6-4A44-BC2D-FF1247225E7D}"
EndProject
Project("{FAE04EC0-301F-11D3-BF4B-00C04F79EFBC}") = "Module.Users.Tests", "tests\Modules\Users\Module.Users.Tests\Module.Users.Tests.csproj", "{C6F08682-EDAE-49FE-9F88-561E2F43A298}"
EndProject
Project("{FAE04EC0-301F-11D3-BF4B-00C04F79EFBC}") = "Shared.Presentation", "src\Shared\Shared.Presentation\Shared.Presentation.csproj", "{BCCD000F-7C51-4A1F-A0D1-8B5B087D528C}"
EndProject
Project("{2150E333-8FDC-42A3-9474-1A3956D46DE8}") = "Shared", "Shared", "{E6659571-6ECD-4395-9C30-F6EDA9A439D9}"
EndProject
Project("{FAE04EC0-301F-11D3-BF4B-00C04F79EFBC}") = "Shared", "tests\Shared\Shared\Shared.csproj", "{BFF0F2E5-6191-4FC7-A583-67AAFA6230A3}"
EndProject
Project("{2150E333-8FDC-42A3-9474-1A3956D46DE8}") = "Products", "Products", "{87B9F923-D115-483E-BA88-613D9713A15A}"
EndProject
Project("{FAE04EC0-301F-11D3-BF4B-00C04F79EFBC}") = "Module.Products.Presentation", "src\Module\Products\Module.Products.Presentation\Module.Products.Presentation.csproj", "{CBE6316F-75A6-4D3E-989D-590B9168D9CE}"
EndProject
Project("{FAE04EC0-301F-11D3-BF4B-00C04F79EFBC}") = "Module.Products.Infrastructure", "src\Module\Products\Module.Products.Infrastructure\Module.Products.Infrastructure.csproj", "{350BF1BC-71D6-4A49-AFBD-5A0E25D3A01C}"
EndProject
Project("{FAE04EC0-301F-11D3-BF4B-00C04F79EFBC}") = "Module.Products.Domain", "src\Module\Products\Module.Products.Domain\Module.Products.Domain.csproj", "{36F2337A-A101-481D-BF1A-B150E22A486F}"
EndProject
Project("{FAE04EC0-301F-11D3-BF4B-00C04F79EFBC}") = "Module.Products.Application", "src\Module\Products\Module.Products.Application\Module.Products.Application.csproj", "{BECDF783-0602-4E44-AFEB-C9057E7587B2}"
EndProject
Project("{2150E333-8FDC-42A3-9474-1A3956D46DE8}") = "Products", "Products", "{4F7F7E66-0CB0-45DC-A2DD-F04E2795D789}"
EndProject
Project("{FAE04EC0-301F-11D3-BF4B-00C04F79EFBC}") = "Module.Products.Tests", "tests\Modules\Products\Module.Products.Tests\Module.Products.Tests.csproj", "{54FF4553-4F61-4932-BC42-CA90539658C5}"
EndProject
Project("{2150E333-8FDC-42A3-9474-1A3956D46DE8}") = "Carts", "Carts", "{2B180531-1F3E-41C1-8F36-8D9679F223B8}"
EndProject
Project("{FAE04EC0-301F-11D3-BF4B-00C04F79EFBC}") = "Module.Carts.Application", "src\Module\Carts\Module.Carts.Application\Module.Carts.Application.csproj", "{2F2B8DEA-E617-4A2E-B989-55860D83593E}"
EndProject
Project("{FAE04EC0-301F-11D3-BF4B-00C04F79EFBC}") = "Module.Carts.Domain", "src\Module\Carts\Module.Carts.Domain\Module.Carts.Domain.csproj", "{5C27F682-0C30-40C9-8603-E8EC8DE08561}"
EndProject
Project("{FAE04EC0-301F-11D3-BF4B-00C04F79EFBC}") = "Module.Carts.Infrastructure", "src\Module\Carts\Module.Carts.Infrastructure\Module.Carts.Infrastructure.csproj", "{F075A070-DFD0-4F9A-A025-6DAFBF5B4135}"
EndProject
Project("{FAE04EC0-301F-11D3-BF4B-00C04F79EFBC}") = "Module.Carts.Presentation", "src\Module\Carts\Module.Carts.Presentation\Module.Carts.Presentation.csproj", "{0B309F07-2DB6-4998-B028-1246335BD28B}"
EndProject
Project("{2150E333-8FDC-42A3-9474-1A3956D46DE8}") = "Carts", "Carts", "{595DB987-EC85-49B7-8B4B-9BC5FBCD2620}"
EndProject
Project("{FAE04EC0-301F-11D3-BF4B-00C04F79EFBC}") = "Module.Carts.Tests", "tests\Modules\Carts\Module.Carts.Tests\Module.Carts.Tests.csproj", "{1BA190BB-FAB0-4093-A769-85809B9CAE5D}"
EndProject
Project("{2150E333-8FDC-42A3-9474-1A3956D46DE8}") = "Sales", "Sales", "{D3AABB9A-0210-49DD-B02E-896D24A39CB5}"
EndProject
Project("{FAE04EC0-301F-11D3-BF4B-00C04F79EFBC}") = "Module.Sales.Application", "src\Module\Sales\Module.Sales.Application\Module.Sales.Application.csproj", "{90C191B9-9554-4CE6-B017-406CC6B59599}"
EndProject
Project("{FAE04EC0-301F-11D3-BF4B-00C04F79EFBC}") = "Module.Sales.Domain", "src\Module\Sales\Module.Sales.Domain\Module.Sales.Domain.csproj", "{D0478DF6-75DF-461A-8AC0-9F770B7B17C5}"
EndProject
Project("{FAE04EC0-301F-11D3-BF4B-00C04F79EFBC}") = "Module.Sales.Presentation", "src\Module\Sales\Module.Sales.Presentation\Module.Sales.Presentation.csproj", "{FBA576C4-1B90-407E-AC04-8336A171F96F}"
EndProject
Project("{FAE04EC0-301F-11D3-BF4B-00C04F79EFBC}") = "Module.Sales.Infrastructure", "src\Module\Sales\Module.Sales.Infrastructure\Module.Sales.Infrastructure.csproj", "{778BD4C8-C1EB-44A1-A919-8DD12C761704}"
EndProject
Project("{FAE04EC0-301F-11D3-BF4B-00C04F79EFBC}") = "Shared.IntegrationEvents", "src\Shared\Shared.IntegrationEvents\Shared.IntegrationEvents.csproj", "{BEE1F406-7A9C-437D-A0A7-CFFA316EF12F}"
EndProject
Project("{2150E333-8FDC-42A3-9474-1A3956D46DE8}") = "Sales", "Sales", "{C91637A5-212E-4F11-ADB7-6005C6D4BEA8}"
EndProject
Project("{FAE04EC0-301F-11D3-BF4B-00C04F79EFBC}") = "Module.Sales.Tests", "tests\Modules\Sales\Module.Sales.Tests\Module.Sales.Tests.csproj", "{2B3A25D5-E0A5-473D-A7A4-31C27224BF2A}"
EndProject
Global
	GlobalSection(SolutionConfigurationPlatforms) = preSolution
		Debug|Any CPU = Debug|Any CPU
		Release|Any CPU = Release|Any CPU
	EndGlobalSection
	GlobalSection(NestedProjects) = preSolution
		{7A18CFE2-3325-4F5A-9DA3-49C99ACEB955} = {518B37C2-511A-40C9-B832-3840F6B28F48}
		{42C4341E-36FC-4F25-BA7D-B93A55E062BD} = {5F6686C1-2EB5-45A2-A0E0-1A71BCCEE7FB}
		{0C33A985-AF7A-43F3-9A44-21877C63B028} = {CE2A1DD0-5DDB-469F-A3B0-41CB22DC8EFC}
		{B64FA57D-0BA0-4930-9B5C-2272B4FC2829} = {CE2A1DD0-5DDB-469F-A3B0-41CB22DC8EFC}
		{DB7C9250-4365-41DB-81FF-A32051054C9F} = {7A18CFE2-3325-4F5A-9DA3-49C99ACEB955}
		{64F93FA3-BAD2-4EEF-9F4D-DDF8DB8D0249} = {7A18CFE2-3325-4F5A-9DA3-49C99ACEB955}
		{C1B46AEB-F0F2-46C0-BFA4-BB0C39E52B44} = {7A18CFE2-3325-4F5A-9DA3-49C99ACEB955}
		{CDDE96AC-65F1-4F42-A18F-A0E909A8CC89} = {7A18CFE2-3325-4F5A-9DA3-49C99ACEB955}
		{C6CB8419-BC35-4AEE-9783-53710ECBF1DC} = {CE2A1DD0-5DDB-469F-A3B0-41CB22DC8EFC}
		{1BBC3D19-5260-4D9B-BD4B-1FA7E2C55042} = {3EAC0BC9-E673-4D0C-ABE4-61BA627EB331}
		{28550FB0-8DE6-4A44-BC2D-FF1247225E7D} = {1BBC3D19-5260-4D9B-BD4B-1FA7E2C55042}
		{C6F08682-EDAE-49FE-9F88-561E2F43A298} = {28550FB0-8DE6-4A44-BC2D-FF1247225E7D}
		{BCCD000F-7C51-4A1F-A0D1-8B5B087D528C} = {CE2A1DD0-5DDB-469F-A3B0-41CB22DC8EFC}
		{E6659571-6ECD-4395-9C30-F6EDA9A439D9} = {3EAC0BC9-E673-4D0C-ABE4-61BA627EB331}
		{BFF0F2E5-6191-4FC7-A583-67AAFA6230A3} = {E6659571-6ECD-4395-9C30-F6EDA9A439D9}
		{87B9F923-D115-483E-BA88-613D9713A15A} = {518B37C2-511A-40C9-B832-3840F6B28F48}
		{CBE6316F-75A6-4D3E-989D-590B9168D9CE} = {87B9F923-D115-483E-BA88-613D9713A15A}
		{350BF1BC-71D6-4A49-AFBD-5A0E25D3A01C} = {87B9F923-D115-483E-BA88-613D9713A15A}
		{36F2337A-A101-481D-BF1A-B150E22A486F} = {87B9F923-D115-483E-BA88-613D9713A15A}
		{BECDF783-0602-4E44-AFEB-C9057E7587B2} = {87B9F923-D115-483E-BA88-613D9713A15A}
		{4F7F7E66-0CB0-45DC-A2DD-F04E2795D789} = {1BBC3D19-5260-4D9B-BD4B-1FA7E2C55042}
		{54FF4553-4F61-4932-BC42-CA90539658C5} = {4F7F7E66-0CB0-45DC-A2DD-F04E2795D789}
		{2B180531-1F3E-41C1-8F36-8D9679F223B8} = {518B37C2-511A-40C9-B832-3840F6B28F48}
		{2F2B8DEA-E617-4A2E-B989-55860D83593E} = {2B180531-1F3E-41C1-8F36-8D9679F223B8}
		{5C27F682-0C30-40C9-8603-E8EC8DE08561} = {2B180531-1F3E-41C1-8F36-8D9679F223B8}
		{F075A070-DFD0-4F9A-A025-6DAFBF5B4135} = {2B180531-1F3E-41C1-8F36-8D9679F223B8}
		{0B309F07-2DB6-4998-B028-1246335BD28B} = {2B180531-1F3E-41C1-8F36-8D9679F223B8}
		{595DB987-EC85-49B7-8B4B-9BC5FBCD2620} = {1BBC3D19-5260-4D9B-BD4B-1FA7E2C55042}
		{1BA190BB-FAB0-4093-A769-85809B9CAE5D} = {595DB987-EC85-49B7-8B4B-9BC5FBCD2620}
		{D3AABB9A-0210-49DD-B02E-896D24A39CB5} = {518B37C2-511A-40C9-B832-3840F6B28F48}
		{90C191B9-9554-4CE6-B017-406CC6B59599} = {D3AABB9A-0210-49DD-B02E-896D24A39CB5}
		{D0478DF6-75DF-461A-8AC0-9F770B7B17C5} = {D3AABB9A-0210-49DD-B02E-896D24A39CB5}
		{FBA576C4-1B90-407E-AC04-8336A171F96F} = {D3AABB9A-0210-49DD-B02E-896D24A39CB5}
		{778BD4C8-C1EB-44A1-A919-8DD12C761704} = {D3AABB9A-0210-49DD-B02E-896D24A39CB5}
		{BEE1F406-7A9C-437D-A0A7-CFFA316EF12F} = {CE2A1DD0-5DDB-469F-A3B0-41CB22DC8EFC}
		{C91637A5-212E-4F11-ADB7-6005C6D4BEA8} = {1BBC3D19-5260-4D9B-BD4B-1FA7E2C55042}
		{2B3A25D5-E0A5-473D-A7A4-31C27224BF2A} = {C91637A5-212E-4F11-ADB7-6005C6D4BEA8}
	EndGlobalSection
	GlobalSection(ProjectConfigurationPlatforms) = postSolution
		{42C4341E-36FC-4F25-BA7D-B93A55E062BD}.Debug|Any CPU.ActiveCfg = Debug|Any CPU
		{42C4341E-36FC-4F25-BA7D-B93A55E062BD}.Debug|Any CPU.Build.0 = Debug|Any CPU
		{42C4341E-36FC-4F25-BA7D-B93A55E062BD}.Release|Any CPU.ActiveCfg = Release|Any CPU
		{42C4341E-36FC-4F25-BA7D-B93A55E062BD}.Release|Any CPU.Build.0 = Release|Any CPU
		{0C33A985-AF7A-43F3-9A44-21877C63B028}.Debug|Any CPU.ActiveCfg = Debug|Any CPU
		{0C33A985-AF7A-43F3-9A44-21877C63B028}.Debug|Any CPU.Build.0 = Debug|Any CPU
		{0C33A985-AF7A-43F3-9A44-21877C63B028}.Release|Any CPU.ActiveCfg = Release|Any CPU
		{0C33A985-AF7A-43F3-9A44-21877C63B028}.Release|Any CPU.Build.0 = Release|Any CPU
		{B64FA57D-0BA0-4930-9B5C-2272B4FC2829}.Debug|Any CPU.ActiveCfg = Debug|Any CPU
		{B64FA57D-0BA0-4930-9B5C-2272B4FC2829}.Debug|Any CPU.Build.0 = Debug|Any CPU
		{B64FA57D-0BA0-4930-9B5C-2272B4FC2829}.Release|Any CPU.ActiveCfg = Release|Any CPU
		{B64FA57D-0BA0-4930-9B5C-2272B4FC2829}.Release|Any CPU.Build.0 = Release|Any CPU
		{CDDE96AC-65F1-4F42-A18F-A0E909A8CC89}.Debug|Any CPU.ActiveCfg = Debug|Any CPU
		{CDDE96AC-65F1-4F42-A18F-A0E909A8CC89}.Debug|Any CPU.Build.0 = Debug|Any CPU
		{CDDE96AC-65F1-4F42-A18F-A0E909A8CC89}.Release|Any CPU.ActiveCfg = Release|Any CPU
		{CDDE96AC-65F1-4F42-A18F-A0E909A8CC89}.Release|Any CPU.Build.0 = Release|Any CPU
		{DB7C9250-4365-41DB-81FF-A32051054C9F}.Debug|Any CPU.ActiveCfg = Debug|Any CPU
		{DB7C9250-4365-41DB-81FF-A32051054C9F}.Debug|Any CPU.Build.0 = Debug|Any CPU
		{DB7C9250-4365-41DB-81FF-A32051054C9F}.Release|Any CPU.ActiveCfg = Release|Any CPU
		{DB7C9250-4365-41DB-81FF-A32051054C9F}.Release|Any CPU.Build.0 = Release|Any CPU
		{C1B46AEB-F0F2-46C0-BFA4-BB0C39E52B44}.Debug|Any CPU.ActiveCfg = Debug|Any CPU
		{C1B46AEB-F0F2-46C0-BFA4-BB0C39E52B44}.Debug|Any CPU.Build.0 = Debug|Any CPU
		{C1B46AEB-F0F2-46C0-BFA4-BB0C39E52B44}.Release|Any CPU.ActiveCfg = Release|Any CPU
		{C1B46AEB-F0F2-46C0-BFA4-BB0C39E52B44}.Release|Any CPU.Build.0 = Release|Any CPU
		{64F93FA3-BAD2-4EEF-9F4D-DDF8DB8D0249}.Debug|Any CPU.ActiveCfg = Debug|Any CPU
		{64F93FA3-BAD2-4EEF-9F4D-DDF8DB8D0249}.Debug|Any CPU.Build.0 = Debug|Any CPU
		{64F93FA3-BAD2-4EEF-9F4D-DDF8DB8D0249}.Release|Any CPU.ActiveCfg = Release|Any CPU
		{64F93FA3-BAD2-4EEF-9F4D-DDF8DB8D0249}.Release|Any CPU.Build.0 = Release|Any CPU
		{C6CB8419-BC35-4AEE-9783-53710ECBF1DC}.Debug|Any CPU.ActiveCfg = Debug|Any CPU
		{C6CB8419-BC35-4AEE-9783-53710ECBF1DC}.Debug|Any CPU.Build.0 = Debug|Any CPU
		{C6CB8419-BC35-4AEE-9783-53710ECBF1DC}.Release|Any CPU.ActiveCfg = Release|Any CPU
		{C6CB8419-BC35-4AEE-9783-53710ECBF1DC}.Release|Any CPU.Build.0 = Release|Any CPU
		{C6F08682-EDAE-49FE-9F88-561E2F43A298}.Debug|Any CPU.ActiveCfg = Debug|Any CPU
		{C6F08682-EDAE-49FE-9F88-561E2F43A298}.Debug|Any CPU.Build.0 = Debug|Any CPU
		{C6F08682-EDAE-49FE-9F88-561E2F43A298}.Release|Any CPU.ActiveCfg = Release|Any CPU
		{C6F08682-EDAE-49FE-9F88-561E2F43A298}.Release|Any CPU.Build.0 = Release|Any CPU
		{BCCD000F-7C51-4A1F-A0D1-8B5B087D528C}.Debug|Any CPU.ActiveCfg = Debug|Any CPU
		{BCCD000F-7C51-4A1F-A0D1-8B5B087D528C}.Debug|Any CPU.Build.0 = Debug|Any CPU
		{BCCD000F-7C51-4A1F-A0D1-8B5B087D528C}.Release|Any CPU.ActiveCfg = Release|Any CPU
		{BCCD000F-7C51-4A1F-A0D1-8B5B087D528C}.Release|Any CPU.Build.0 = Release|Any CPU
		{BFF0F2E5-6191-4FC7-A583-67AAFA6230A3}.Debug|Any CPU.ActiveCfg = Debug|Any CPU
		{BFF0F2E5-6191-4FC7-A583-67AAFA6230A3}.Debug|Any CPU.Build.0 = Debug|Any CPU
		{BFF0F2E5-6191-4FC7-A583-67AAFA6230A3}.Release|Any CPU.ActiveCfg = Release|Any CPU
		{BFF0F2E5-6191-4FC7-A583-67AAFA6230A3}.Release|Any CPU.Build.0 = Release|Any CPU
		{CBE6316F-75A6-4D3E-989D-590B9168D9CE}.Debug|Any CPU.ActiveCfg = Debug|Any CPU
		{CBE6316F-75A6-4D3E-989D-590B9168D9CE}.Debug|Any CPU.Build.0 = Debug|Any CPU
		{CBE6316F-75A6-4D3E-989D-590B9168D9CE}.Release|Any CPU.ActiveCfg = Release|Any CPU
		{CBE6316F-75A6-4D3E-989D-590B9168D9CE}.Release|Any CPU.Build.0 = Release|Any CPU
		{350BF1BC-71D6-4A49-AFBD-5A0E25D3A01C}.Debug|Any CPU.ActiveCfg = Debug|Any CPU
		{350BF1BC-71D6-4A49-AFBD-5A0E25D3A01C}.Debug|Any CPU.Build.0 = Debug|Any CPU
		{350BF1BC-71D6-4A49-AFBD-5A0E25D3A01C}.Release|Any CPU.ActiveCfg = Release|Any CPU
		{350BF1BC-71D6-4A49-AFBD-5A0E25D3A01C}.Release|Any CPU.Build.0 = Release|Any CPU
		{36F2337A-A101-481D-BF1A-B150E22A486F}.Debug|Any CPU.ActiveCfg = Debug|Any CPU
		{36F2337A-A101-481D-BF1A-B150E22A486F}.Debug|Any CPU.Build.0 = Debug|Any CPU
		{36F2337A-A101-481D-BF1A-B150E22A486F}.Release|Any CPU.ActiveCfg = Release|Any CPU
		{36F2337A-A101-481D-BF1A-B150E22A486F}.Release|Any CPU.Build.0 = Release|Any CPU
		{BECDF783-0602-4E44-AFEB-C9057E7587B2}.Debug|Any CPU.ActiveCfg = Debug|Any CPU
		{BECDF783-0602-4E44-AFEB-C9057E7587B2}.Debug|Any CPU.Build.0 = Debug|Any CPU
		{BECDF783-0602-4E44-AFEB-C9057E7587B2}.Release|Any CPU.ActiveCfg = Release|Any CPU
		{BECDF783-0602-4E44-AFEB-C9057E7587B2}.Release|Any CPU.Build.0 = Release|Any CPU
		{54FF4553-4F61-4932-BC42-CA90539658C5}.Debug|Any CPU.ActiveCfg = Debug|Any CPU
		{54FF4553-4F61-4932-BC42-CA90539658C5}.Debug|Any CPU.Build.0 = Debug|Any CPU
		{54FF4553-4F61-4932-BC42-CA90539658C5}.Release|Any CPU.ActiveCfg = Release|Any CPU
		{54FF4553-4F61-4932-BC42-CA90539658C5}.Release|Any CPU.Build.0 = Release|Any CPU
		{2F2B8DEA-E617-4A2E-B989-55860D83593E}.Debug|Any CPU.ActiveCfg = Debug|Any CPU
		{2F2B8DEA-E617-4A2E-B989-55860D83593E}.Debug|Any CPU.Build.0 = Debug|Any CPU
		{2F2B8DEA-E617-4A2E-B989-55860D83593E}.Release|Any CPU.ActiveCfg = Release|Any CPU
		{2F2B8DEA-E617-4A2E-B989-55860D83593E}.Release|Any CPU.Build.0 = Release|Any CPU
		{5C27F682-0C30-40C9-8603-E8EC8DE08561}.Debug|Any CPU.ActiveCfg = Debug|Any CPU
		{5C27F682-0C30-40C9-8603-E8EC8DE08561}.Debug|Any CPU.Build.0 = Debug|Any CPU
		{5C27F682-0C30-40C9-8603-E8EC8DE08561}.Release|Any CPU.ActiveCfg = Release|Any CPU
		{5C27F682-0C30-40C9-8603-E8EC8DE08561}.Release|Any CPU.Build.0 = Release|Any CPU
		{F075A070-DFD0-4F9A-A025-6DAFBF5B4135}.Debug|Any CPU.ActiveCfg = Debug|Any CPU
		{F075A070-DFD0-4F9A-A025-6DAFBF5B4135}.Debug|Any CPU.Build.0 = Debug|Any CPU
		{F075A070-DFD0-4F9A-A025-6DAFBF5B4135}.Release|Any CPU.ActiveCfg = Release|Any CPU
		{F075A070-DFD0-4F9A-A025-6DAFBF5B4135}.Release|Any CPU.Build.0 = Release|Any CPU
		{0B309F07-2DB6-4998-B028-1246335BD28B}.Debug|Any CPU.ActiveCfg = Debug|Any CPU
		{0B309F07-2DB6-4998-B028-1246335BD28B}.Debug|Any CPU.Build.0 = Debug|Any CPU
		{0B309F07-2DB6-4998-B028-1246335BD28B}.Release|Any CPU.ActiveCfg = Release|Any CPU
		{0B309F07-2DB6-4998-B028-1246335BD28B}.Release|Any CPU.Build.0 = Release|Any CPU
		{1BA190BB-FAB0-4093-A769-85809B9CAE5D}.Debug|Any CPU.ActiveCfg = Debug|Any CPU
		{1BA190BB-FAB0-4093-A769-85809B9CAE5D}.Debug|Any CPU.Build.0 = Debug|Any CPU
		{1BA190BB-FAB0-4093-A769-85809B9CAE5D}.Release|Any CPU.ActiveCfg = Release|Any CPU
		{1BA190BB-FAB0-4093-A769-85809B9CAE5D}.Release|Any CPU.Build.0 = Release|Any CPU
		{90C191B9-9554-4CE6-B017-406CC6B59599}.Debug|Any CPU.ActiveCfg = Debug|Any CPU
		{90C191B9-9554-4CE6-B017-406CC6B59599}.Debug|Any CPU.Build.0 = Debug|Any CPU
		{90C191B9-9554-4CE6-B017-406CC6B59599}.Release|Any CPU.ActiveCfg = Release|Any CPU
		{90C191B9-9554-4CE6-B017-406CC6B59599}.Release|Any CPU.Build.0 = Release|Any CPU
		{D0478DF6-75DF-461A-8AC0-9F770B7B17C5}.Debug|Any CPU.ActiveCfg = Debug|Any CPU
		{D0478DF6-75DF-461A-8AC0-9F770B7B17C5}.Debug|Any CPU.Build.0 = Debug|Any CPU
		{D0478DF6-75DF-461A-8AC0-9F770B7B17C5}.Release|Any CPU.ActiveCfg = Release|Any CPU
		{D0478DF6-75DF-461A-8AC0-9F770B7B17C5}.Release|Any CPU.Build.0 = Release|Any CPU
		{FBA576C4-1B90-407E-AC04-8336A171F96F}.Debug|Any CPU.ActiveCfg = Debug|Any CPU
		{FBA576C4-1B90-407E-AC04-8336A171F96F}.Debug|Any CPU.Build.0 = Debug|Any CPU
		{FBA576C4-1B90-407E-AC04-8336A171F96F}.Release|Any CPU.ActiveCfg = Release|Any CPU
		{FBA576C4-1B90-407E-AC04-8336A171F96F}.Release|Any CPU.Build.0 = Release|Any CPU
		{778BD4C8-C1EB-44A1-A919-8DD12C761704}.Debug|Any CPU.ActiveCfg = Debug|Any CPU
		{778BD4C8-C1EB-44A1-A919-8DD12C761704}.Debug|Any CPU.Build.0 = Debug|Any CPU
		{778BD4C8-C1EB-44A1-A919-8DD12C761704}.Release|Any CPU.ActiveCfg = Release|Any CPU
		{778BD4C8-C1EB-44A1-A919-8DD12C761704}.Release|Any CPU.Build.0 = Release|Any CPU
		{BEE1F406-7A9C-437D-A0A7-CFFA316EF12F}.Debug|Any CPU.ActiveCfg = Debug|Any CPU
		{BEE1F406-7A9C-437D-A0A7-CFFA316EF12F}.Debug|Any CPU.Build.0 = Debug|Any CPU
		{BEE1F406-7A9C-437D-A0A7-CFFA316EF12F}.Release|Any CPU.ActiveCfg = Release|Any CPU
		{BEE1F406-7A9C-437D-A0A7-CFFA316EF12F}.Release|Any CPU.Build.0 = Release|Any CPU
		{2B3A25D5-E0A5-473D-A7A4-31C27224BF2A}.Debug|Any CPU.ActiveCfg = Debug|Any CPU
		{2B3A25D5-E0A5-473D-A7A4-31C27224BF2A}.Debug|Any CPU.Build.0 = Debug|Any CPU
		{2B3A25D5-E0A5-473D-A7A4-31C27224BF2A}.Release|Any CPU.ActiveCfg = Release|Any CPU
		{2B3A25D5-E0A5-473D-A7A4-31C27224BF2A}.Release|Any CPU.Build.0 = Release|Any CPU
	EndGlobalSection
EndGlobal
